<?xml version="1.0" encoding="utf-8"?>
<Project ToolsVersion="17.0" xmlns="http://schemas.microsoft.com/developer/msbuild/2003">
  <ItemGroup>
    <CustomBuild Include="G:\italian_checkers\build_clean\CMakeFiles\64571ee0187c468658bf1d6d09129b3c\RUN_TESTS_force.rule">
      <Filter>CMake Rules</Filter>
    </CustomBuild>
  </ItemGroup>
  <ItemGroup>
    <Filter Include="CMake Rules">
      <UniqueIdentifier>{0AC183AA-DEB5-33D9-A7D7-44AF3B357F0E}</UniqueIdentifier>
    </Filter>
  </ItemGroup>
</Project>
